
Microsoft Visual Studio Solution File, Format Version 12.00
# Visual Studio Version 17
VisualStudioVersion = 17.13.35931.197
MinimumVisualStudioVersion = 10.0.40219.1
Project("{2150E333-8FDC-42A3-9474-1A3956D46DE8}") = "Doc", "Doc", "{02EA681E-C7D8-13C7-8484-4AC65E1B71E8}"
EndProject
Project("{2150E333-8FDC-42A3-9474-1A3956D46DE8}") = "Src", "Src", "{1A408F06-6476-4934-AB55-E696B1D359B7}"
EndProject
Project("{2150E333-8FDC-42A3-9474-1A3956D46DE8}") = "Test", "Test", "{D7F2E71E-F561-4718-A98E-3B2960D0B428}"
EndProject
Project("{2150E333-8FDC-42A3-9474-1A3956D46DE8}") = "Core", "Core", "{71FC545B-CEC9-4DE1-A951-13C207BB11CF}"
EndProject
Project("{2150E333-8FDC-42A3-9474-1A3956D46DE8}") = "Infrastructure", "Infrastructure", "{54CC2654-ECCB-4A8E-A48B-4D8FF2A5FBEA}"
EndProject
Project("{2150E333-8FDC-42A3-9474-1A3956D46DE8}") = "Presentation", "Presentation", "{0821BCF5-6CAB-4276-AA47-D9BC046D36C8}"
EndProject
Project("{2150E333-8FDC-42A3-9474-1A3956D46DE8}") = "Common", "Common", "{0C1D0AB9-8834-4947-A697-BB22FD8E1176}"
EndProject
Project("{FAE04EC0-301F-11D3-BF4B-00C04F79EFBC}") = "Buget_store.Application", "Buget_store.Application\Buget_store.Application.csproj", "{74CB196B-8CD7-4831-BA08-1A7F6B4585A0}"
EndProject
Project("{FAE04EC0-301F-11D3-BF4B-00C04F79EFBC}") = "Buget_store.Infrastucture", "Buget_store.Infrastucture\Buget_store.Infrastucture.csproj", "{7F691BEB-1F19-488F-A420-65BE4A46D050}"
EndProject
Project("{FAE04EC0-301F-11D3-BF4B-00C04F79EFBC}") = "Bugeto_store.Persistence", "Bugeto_store.Persistence\Bugeto_store.Persistence.csproj", "{10CB5417-C4E1-4E3C-AC0A-EEBD06402CBD}"
EndProject
Project("{FAE04EC0-301F-11D3-BF4B-00C04F79EFBC}") = "Bugeto_store.Common", "Bugeto_store.Common\Bugeto_store.Common.csproj", "{8FA2B0AF-9ACA-4DE6-A27D-135880D90293}"
EndProject
Project("{FAE04EC0-301F-11D3-BF4B-00C04F79EFBC}") = "EndPoint", "EndPoint\EndPoint.csproj", "{F10C20EB-C920-4483-855A-1937961C3A57}"
EndProject
Project("{2150E333-8FDC-42A3-9474-1A3956D46DE8}") = "Repositpries", "Repositpries", "{C6545AE5-D9F7-4993-8204-606CE84077A2}"
	ProjectSection(SolutionItems) = preProject
		IMessageSender.cs = IMessageSender.cs
		MessageSender.cs = MessageSender.cs
	EndProjectSection
EndProject
Project("{FAE04EC0-301F-11D3-BF4B-00C04F79EFBC}") = "Bugeto_store.Domain", "Bugeto_store.DomainNew\Bugeto_store.Domain.csproj", "{0B79D8A9-FBE7-4593-B212-257539493EA3}"
EndProject
Global
	GlobalSection(SolutionConfigurationPlatforms) = preSolution
		Debug|Any CPU = Debug|Any CPU
		Release|Any CPU = Release|Any CPU
	EndGlobalSection
	GlobalSection(ProjectConfigurationPlatforms) = postSolution
		{74CB196B-8CD7-4831-BA08-1A7F6B4585A0}.Debug|Any CPU.ActiveCfg = Debug|Any CPU
		{74CB196B-8CD7-4831-BA08-1A7F6B4585A0}.Debug|Any CPU.Build.0 = Debug|Any CPU
		{74CB196B-8CD7-4831-BA08-1A7F6B4585A0}.Release|Any CPU.ActiveCfg = Release|Any CPU
		{74CB196B-8CD7-4831-BA08-1A7F6B4585A0}.Release|Any CPU.Build.0 = Release|Any CPU
		{7F691BEB-1F19-488F-A420-65BE4A46D050}.Debug|Any CPU.ActiveCfg = Debug|Any CPU
		{7F691BEB-1F19-488F-A420-65BE4A46D050}.Debug|Any CPU.Build.0 = Debug|Any CPU
		{7F691BEB-1F19-488F-A420-65BE4A46D050}.Release|Any CPU.ActiveCfg = Release|Any CPU
		{7F691BEB-1F19-488F-A420-65BE4A46D050}.Release|Any CPU.Build.0 = Release|Any CPU
		{10CB5417-C4E1-4E3C-AC0A-EEBD06402CBD}.Debug|Any CPU.ActiveCfg = Debug|Any CPU
		{10CB5417-C4E1-4E3C-AC0A-EEBD06402CBD}.Debug|Any CPU.Build.0 = Debug|Any CPU
		{10CB5417-C4E1-4E3C-AC0A-EEBD06402CBD}.Release|Any CPU.ActiveCfg = Release|Any CPU
		{10CB5417-C4E1-4E3C-AC0A-EEBD06402CBD}.Release|Any CPU.Build.0 = Release|Any CPU
		{8FA2B0AF-9ACA-4DE6-A27D-135880D90293}.Debug|Any CPU.ActiveCfg = Debug|Any CPU
		{8FA2B0AF-9ACA-4DE6-A27D-135880D90293}.Debug|Any CPU.Build.0 = Debug|Any CPU
		{8FA2B0AF-9ACA-4DE6-A27D-135880D90293}.Release|Any CPU.ActiveCfg = Release|Any CPU
		{8FA2B0AF-9ACA-4DE6-A27D-135880D90293}.Release|Any CPU.Build.0 = Release|Any CPU
		{F10C20EB-C920-4483-855A-1937961C3A57}.Debug|Any CPU.ActiveCfg = Debug|Any CPU
		{F10C20EB-C920-4483-855A-1937961C3A57}.Debug|Any CPU.Build.0 = Debug|Any CPU
		{F10C20EB-C920-4483-855A-1937961C3A57}.Release|Any CPU.ActiveCfg = Release|Any CPU
		{F10C20EB-C920-4483-855A-1937961C3A57}.Release|Any CPU.Build.0 = Release|Any CPU
		{0B79D8A9-FBE7-4593-B212-257539493EA3}.Debug|Any CPU.ActiveCfg = Debug|Any CPU
		{0B79D8A9-FBE7-4593-B212-257539493EA3}.Debug|Any CPU.Build.0 = Debug|Any CPU
		{0B79D8A9-FBE7-4593-B212-257539493EA3}.Release|Any CPU.ActiveCfg = Release|Any CPU
		{0B79D8A9-FBE7-4593-B212-257539493EA3}.Release|Any CPU.Build.0 = Release|Any CPU
	EndGlobalSection
	GlobalSection(SolutionProperties) = preSolution
		HideSolutionNode = FALSE
	EndGlobalSection
	GlobalSection(NestedProjects) = preSolution
		{71FC545B-CEC9-4DE1-A951-13C207BB11CF} = {1A408F06-6476-4934-AB55-E696B1D359B7}
		{54CC2654-ECCB-4A8E-A48B-4D8FF2A5FBEA} = {1A408F06-6476-4934-AB55-E696B1D359B7}
		{0821BCF5-6CAB-4276-AA47-D9BC046D36C8} = {1A408F06-6476-4934-AB55-E696B1D359B7}
		{0C1D0AB9-8834-4947-A697-BB22FD8E1176} = {1A408F06-6476-4934-AB55-E696B1D359B7}
		{74CB196B-8CD7-4831-BA08-1A7F6B4585A0} = {71FC545B-CEC9-4DE1-A951-13C207BB11CF}
		{7F691BEB-1F19-488F-A420-65BE4A46D050} = {54CC2654-ECCB-4A8E-A48B-4D8FF2A5FBEA}
		{10CB5417-C4E1-4E3C-AC0A-EEBD06402CBD} = {54CC2654-ECCB-4A8E-A48B-4D8FF2A5FBEA}
		{8FA2B0AF-9ACA-4DE6-A27D-135880D90293} = {0C1D0AB9-8834-4947-A697-BB22FD8E1176}
		{F10C20EB-C920-4483-855A-1937961C3A57} = {0821BCF5-6CAB-4276-AA47-D9BC046D36C8}
		{0B79D8A9-FBE7-4593-B212-257539493EA3} = {71FC545B-CEC9-4DE1-A951-13C207BB11CF}
	EndGlobalSection
	GlobalSection(ExtensibilityGlobals) = postSolution
		SolutionGuid = {1E1EC412-AF68-4E25-9BFC-B70A8037DFDE}
	EndGlobalSection
EndGlobal
